{
  "name": "dm_screen",
  "version": "1.0.0",
  "lockfileVersion": 3,
  "requires": true,
  "packages": {
    "": {
      "name": "dm_screen",
      "version": "1.0.0",
      "license": "ISC",
      "dependencies": {
        "xstate": "^5.32.4"
      }
    },
    "node_modules/xstate": {
      "version": "5.32.4",
      "resolved": "https://registry.npmjs.org/xstate/-/xstate-5.32.4.tgz",
      "integrity": "sha512-E5WtDB8DBs2ZWliz2Ry9XfbSZTbBRcK/cwefBot04qQ/L5SLP16xpnTDU4/ZFXuXFhNxi7JP2RhuoGwBnM+S4A==",
      "funding": {
        "type": "opencollective",
        "url": "https://opencollective.com/xstate"
      }
    }
  }
}
